
Microsoft Visual Studio Solution File, Format Version 12.00
# Visual Studio Version 16
VisualStudioVersion = 16.0.30804.86
MinimumVisualStudioVersion = 10.0.40219.1
Project("{FAE04EC0-301F-11D3-BF4B-00C04F79EFBC}") = "ExtrusionMVCWebApp", "ExtrusionMVCWebApp\ExtrusionMVCWebApp.csproj", "{F7094762-5DF5-446A-887D-560119E36260}"
EndProject
Global
	GlobalSection(SolutionConfigurationPlatforms) = preSolution
		Debug|Any CPU = Debug|Any CPU
		Release|Any CPU = Release|Any CPU
	EndGlobalSection
	GlobalSection(ProjectConfigurationPlatforms) = postSolution
		{F7094762-5DF5-446A-887D-560119E36260}.Debug|Any CPU.ActiveCfg = Debug|Any CPU
		{F7094762-5DF5-446A-887D-560119E36260}.Debug|Any CPU.Build.0 = Debug|Any CPU
		{F7094762-5DF5-446A-887D-560119E36260}.Release|Any CPU.ActiveCfg = Release|Any CPU
		{F7094762-5DF5-446A-887D-560119E36260}.Release|Any CPU.Build.0 = Release|Any CPU
	EndGlobalSection
	GlobalSection(SolutionProperties) = preSolution
		HideSolutionNode = FALSE
	EndGlobalSection
	GlobalSection(ExtensibilityGlobals) = postSolution
		SolutionGuid = {2342F9E2-5C1E-4989-90A9-0654D9A29C9E}
	EndGlobalSection
EndGlobal
